
Microsoft Visual Studio Solution File, Format Version 12.00
Project("{FAE04EC0-301F-11D3-BF4B-00C04F79EFBC}") = "ReactiveUI.Fody.Analyzer", "ReactiveUI.Fody.Analyzer\ReactiveUI.Fody.Analyzer.csproj", "{6A4C4559-3426-43BD-B078-FF3726DA12F7}"
EndProject
Project("{FAE04EC0-301F-11D3-BF4B-00C04F79EFBC}") = "ReactiveUI.Fody.Analyzer.Test", "ReactiveUI.Fody.Analyzer.Test\ReactiveUI.Fody.Analyzer.Test.csproj", "{9BBCB2EA-B321-4C16-8FCE-D51FB544A36B}"
EndProject
Global
	GlobalSection(SolutionConfigurationPlatforms) = preSolution
		Debug|Any CPU = Debug|Any CPU
		Release|Any CPU = Release|Any CPU
	EndGlobalSection
	GlobalSection(ProjectConfigurationPlatforms) = postSolution
		{6A4C4559-3426-43BD-B078-FF3726DA12F7}.Debug|Any CPU.ActiveCfg = Debug|Any CPU
		{6A4C4559-3426-43BD-B078-FF3726DA12F7}.Debug|Any CPU.Build.0 = Debug|Any CPU
		{6A4C4559-3426-43BD-B078-FF3726DA12F7}.Release|Any CPU.ActiveCfg = Release|Any CPU
		{6A4C4559-3426-43BD-B078-FF3726DA12F7}.Release|Any CPU.Build.0 = Release|Any CPU
		{9BBCB2EA-B321-4C16-8FCE-D51FB544A36B}.Debug|Any CPU.ActiveCfg = Debug|Any CPU
		{9BBCB2EA-B321-4C16-8FCE-D51FB544A36B}.Debug|Any CPU.Build.0 = Debug|Any CPU
		{9BBCB2EA-B321-4C16-8FCE-D51FB544A36B}.Release|Any CPU.ActiveCfg = Release|Any CPU
		{9BBCB2EA-B321-4C16-8FCE-D51FB544A36B}.Release|Any CPU.Build.0 = Release|Any CPU
	EndGlobalSection
EndGlobal
